
Microsoft Visual Studio Solution File, Format Version 12.00
# Visual Studio 15
VisualStudioVersion = 15.0.28307.329
MinimumVisualStudioVersion = 10.0.40219.1
Project("{8BC9CEB8-8B4A-11D0-8D11-00A0C91BC942}") = "restaurant_expedite", "restaurant_expedite\restaurant_expedite.vcxproj", "{CF773E71-BA60-49DE-8D78-F643D117F1E3}"
EndProject
Global
	GlobalSection(SolutionConfigurationPlatforms) = preSolution
		Debug|x64 = Debug|x64
		Debug|x86 = Debug|x86
		Release|x64 = Release|x64
		Release|x86 = Release|x86
	EndGlobalSection
	GlobalSection(ProjectConfigurationPlatforms) = postSolution
		{CF773E71-BA60-49DE-8D78-F643D117F1E3}.Debug|x64.ActiveCfg = Debug|x64
		{CF773E71-BA60-49DE-8D78-F643D117F1E3}.Debug|x64.Build.0 = Debug|x64
		{CF773E71-BA60-49DE-8D78-F643D117F1E3}.Debug|x86.ActiveCfg = Debug|Win32
		{CF773E71-BA60-49DE-8D78-F643D117F1E3}.Debug|x86.Build.0 = Debug|Win32
		{CF773E71-BA60-49DE-8D78-F643D117F1E3}.Release|x64.ActiveCfg = Release|x64
		{CF773E71-BA60-49DE-8D78-F643D117F1E3}.Release|x64.Build.0 = Release|x64
		{CF773E71-BA60-49DE-8D78-F643D117F1E3}.Release|x86.ActiveCfg = Release|Win32
		{CF773E71-BA60-49DE-8D78-F643D117F1E3}.Release|x86.Build.0 = Release|Win32
	EndGlobalSection
	GlobalSection(SolutionProperties) = preSolution
		HideSolutionNode = FALSE
	EndGlobalSection
	GlobalSection(ExtensibilityGlobals) = postSolution
		SolutionGuid = {4E7E02A4-9632-4B2F-A01D-C12EE5ED73F3}
	EndGlobalSection
EndGlobal
